// !$*UTF8*$!
{
	archiveVersion = 1;
	classes = {
	};
	objectVersion = 56;
	objects = {

/* Begin PBXBuildFile section */
		04148B3B29FE4E4500771BDA /* SessionHandler.swift in Sources */ = {isa = PBXBuildFile; fileRef = 04148B3A29FE4E4500771BDA /* SessionHandler.swift */; };
		04447A2C29FCD61100E28DC5 /* EntertainmentViewController.swift in Sources */ = {isa = PBXBuildFile; fileRef = 04447A2B29FCD61100E28DC5 /* EntertainmentViewController.swift */; };
		04447A3029FCE4C200E28DC5 /* Detect.swift in Sources */ = {isa = PBXBuildFile; fileRef = 04447A2F29FCE4C200E28DC5 /* Detect.swift */; };
		04447A3429FD189A00E28DC5 /* messageSender.swift in Sources */ = {isa = PBXBuildFile; fileRef = 04447A3329FD189A00E28DC5 /* messageSender.swift */; };
		045230E429D445E7008F8155 /* AppDelegate.swift in Sources */ = {isa = PBXBuildFile; fileRef = 045230E329D445E7008F8155 /* AppDelegate.swift */; };
		045230E629D445E7008F8155 /* SceneDelegate.swift in Sources */ = {isa = PBXBuildFile; fileRef = 045230E529D445E7008F8155 /* SceneDelegate.swift */; };
		045230E829D445E7008F8155 /* ViewController.swift in Sources */ = {isa = PBXBuildFile; fileRef = 045230E729D445E7008F8155 /* ViewController.swift */; };
		045230EB29D445E7008F8155 /* Main.storyboard in Resources */ = {isa = PBXBuildFile; fileRef = 045230E929D445E7008F8155 /* Main.storyboard */; };
		045230ED29D445EA008F8155 /* Assets.xcassets in Resources */ = {isa = PBXBuildFile; fileRef = 045230EC29D445EA008F8155 /* Assets.xcassets */; };
		045230F029D445EA008F8155 /* LaunchScreen.storyboard in Resources */ = {isa = PBXBuildFile; fileRef = 045230EE29D445EA008F8155 /* LaunchScreen.storyboard */; };
		045230FB29D445EA008F8155 /* MindReaderTests.swift in Sources */ = {isa = PBXBuildFile; fileRef = 045230FA29D445EA008F8155 /* MindReaderTests.swift */; };
		0452310529D445EA008F8155 /* MindReaderUITests.swift in Sources */ = {isa = PBXBuildFile; fileRef = 0452310429D445EA008F8155 /* MindReaderUITests.swift */; };
		0452310729D445EA008F8155 /* MindReaderUITestsLaunchTests.swift in Sources */ = {isa = PBXBuildFile; fileRef = 0452310629D445EA008F8155 /* MindReaderUITestsLaunchTests.swift */; };
		047631B429FAD4E800DB7556 /* inputBlank.swift in Sources */ = {isa = PBXBuildFile; fileRef = 047631B329FAD4E800DB7556 /* inputBlank.swift */; };
		04ABEF3329FC1A8A00B9BB55 /* ElseViewController.swift in Sources */ = {isa = PBXBuildFile; fileRef = 04ABEF3229FC1A8A00B9BB55 /* ElseViewController.swift */; };
		04ABEF3429FC1A8A00B9BB55 /* ElseViewController.swift in Sources */ = {isa = PBXBuildFile; fileRef = 04ABEF3229FC1A8A00B9BB55 /* ElseViewController.swift */; };
		04ABEF3529FC1A8A00B9BB55 /* ElseViewController.swift in Sources */ = {isa = PBXBuildFile; fileRef = 04ABEF3229FC1A8A00B9BB55 /* ElseViewController.swift */; };
		1B1ABDB729EA2CB6002E5D4E /* TopBottomImageButton.swift in Sources */ = {isa = PBXBuildFile; fileRef = 1B1ABDB629EA2CB6002E5D4E /* TopBottomImageButton.swift */; };
		1B400D7D29F8A987008B2D18 /* MusicViewController.swift in Sources */ = {isa = PBXBuildFile; fileRef = 1B400D7C29F8A987008B2D18 /* MusicViewController.swift */; };
		1B400D7F29F8B4EE008B2D18 /* FirstTeachingViewController.swift in Sources */ = {isa = PBXBuildFile; fileRef = 1B400D7E29F8B4EE008B2D18 /* FirstTeachingViewController.swift */; };
		1B7B99C129F916DA000FE459 /* NotificationViewController.swift in Sources */ = {isa = PBXBuildFile; fileRef = 1B7B99C029F916DA000FE459 /* NotificationViewController.swift */; };
		1B7B99C329F91738000FE459 /* FoodViewController.swift in Sources */ = {isa = PBXBuildFile; fileRef = 1B7B99C229F91738000FE459 /* FoodViewController.swift */; };
		1B97615D29F8BC8D0096A1FF /* SecondTeachingViewController.swift in Sources */ = {isa = PBXBuildFile; fileRef = 1B97615C29F8BC8D0096A1FF /* SecondTeachingViewController.swift */; };
		1B97615F29F8D4F90096A1FF /* ThirdTeachingViewController.swift in Sources */ = {isa = PBXBuildFile; fileRef = 1B97615E29F8D4F90096A1FF /* ThirdTeachingViewController.swift */; };
		1B97616129F8D66C0096A1FF /* FourthTeachingViewController.swift in Sources */ = {isa = PBXBuildFile; fileRef = 1B97616029F8D66C0096A1FF /* FourthTeachingViewController.swift */; };
		1B97616329F8D6E30096A1FF /* FinishTeachingViewController.swift in Sources */ = {isa = PBXBuildFile; fileRef = 1B97616229F8D6E30096A1FF /* FinishTeachingViewController.swift */; };
		1B97616529F8D8C60096A1FF /* LifeViewController.swift in Sources */ = {isa = PBXBuildFile; fileRef = 1B97616429F8D8C60096A1FF /* LifeViewController.swift */; };
		1B97616929F8FD5D0096A1FF /* CapsuleView.swift in Sources */ = {isa = PBXBuildFile; fileRef = 1B97616829F8FD5D0096A1FF /* CapsuleView.swift */; };
		1BA5E65829E98E9C00FB8941 /* LeftRightImageButton.swift in Sources */ = {isa = PBXBuildFile; fileRef = 1BA5E65729E98E9C00FB8941 /* LeftRightImageButton.swift */; };
		1BA63E0729F81911002B2339 /* LockViewController.swift in Sources */ = {isa = PBXBuildFile; fileRef = 1BA63E0629F81911002B2339 /* LockViewController.swift */; };
		1BA63E0929F82621002B2339 /* TimeManager.swift in Sources */ = {isa = PBXBuildFile; fileRef = 1BA63E0829F82621002B2339 /* TimeManager.swift */; };
		1BA63E0B29F82686002B2339 /* TimeLabel.swift in Sources */ = {isa = PBXBuildFile; fileRef = 1BA63E0A29F82686002B2339 /* TimeLabel.swift */; };
/* End PBXBuildFile section */

/* Begin PBXContainerItemProxy section */
		045230F729D445EA008F8155 /* PBXContainerItemProxy */ = {
			isa = PBXContainerItemProxy;
			containerPortal = 045230D829D445E7008F8155 /* Project object */;
			proxyType = 1;
			remoteGlobalIDString = 045230DF29D445E7008F8155;
			remoteInfo = MindReader;
		};
		0452310129D445EA008F8155 /* PBXContainerItemProxy */ = {
			isa = PBXContainerItemProxy;
			containerPortal = 045230D829D445E7008F8155 /* Project object */;
			proxyType = 1;
			remoteGlobalIDString = 045230DF29D445E7008F8155;
			remoteInfo = MindReader;
		};
/* End PBXContainerItemProxy section */

/* Begin PBXFileReference section */
		04148B3A29FE4E4500771BDA /* SessionHandler.swift */ = {isa = PBXFileReference; lastKnownFileType = sourcecode.swift; path = SessionHandler.swift; sourceTree = "<group>"; };
		04447A2B29FCD61100E28DC5 /* EntertainmentViewController.swift */ = {isa = PBXFileReference; lastKnownFileType = sourcecode.swift; path = EntertainmentViewController.swift; sourceTree = "<group>"; };
		04447A2F29FCE4C200E28DC5 /* Detect.swift */ = {isa = PBXFileReference; lastKnownFileType = sourcecode.swift; path = Detect.swift; sourceTree = "<group>"; };
		04447A3329FD189A00E28DC5 /* messageSender.swift */ = {isa = PBXFileReference; lastKnownFileType = sourcecode.swift; path = messageSender.swift; sourceTree = "<group>"; };
		045230E029D445E7008F8155 /* MindReader.app */ = {isa = PBXFileReference; explicitFileType = wrapper.application; includeInIndex = 0; path = MindReader.app; sourceTree = BUILT_PRODUCTS_DIR; };
		045230E329D445E7008F8155 /* AppDelegate.swift */ = {isa = PBXFileReference; lastKnownFileType = sourcecode.swift; path = AppDelegate.swift; sourceTree = "<group>"; };
		045230E529D445E7008F8155 /* SceneDelegate.swift */ = {isa = PBXFileReference; lastKnownFileType = sourcecode.swift; path = SceneDelegate.swift; sourceTree = "<group>"; };
		045230E729D445E7008F8155 /* ViewController.swift */ = {isa = PBXFileReference; lastKnownFileType = sourcecode.swift; path = ViewController.swift; sourceTree = "<group>"; };
		045230EA29D445E7008F8155 /* Base */ = {isa = PBXFileReference; lastKnownFileType = file.storyboard; name = Base; path = Base.lproj/Main.storyboard; sourceTree = "<group>"; };
		045230EC29D445EA008F8155 /* Assets.xcassets */ = {isa = PBXFileReference; lastKnownFileType = folder.assetcatalog; path = Assets.xcassets; sourceTree = "<group>"; };
		045230EF29D445EA008F8155 /* Base */ = {isa = PBXFileReference; lastKnownFileType = file.storyboard; name = Base; path = Base.lproj/LaunchScreen.storyboard; sourceTree = "<group>"; };
		045230F129D445EA008F8155 /* Info.plist */ = {isa = PBXFileReference; lastKnownFileType = text.plist.xml; path = Info.plist; sourceTree = "<group>"; };
		045230F629D445EA008F8155 /* MindReaderTests.xctest */ = {isa = PBXFileReference; explicitFileType = wrapper.cfbundle; includeInIndex = 0; path = MindReaderTests.xctest; sourceTree = BUILT_PRODUCTS_DIR; };
		045230FA29D445EA008F8155 /* MindReaderTests.swift */ = {isa = PBXFileReference; lastKnownFileType = sourcecode.swift; path = MindReaderTests.swift; sourceTree = "<group>"; };
		0452310029D445EA008F8155 /* MindReaderUITests.xctest */ = {isa = PBXFileReference; explicitFileType = wrapper.cfbundle; includeInIndex = 0; path = MindReaderUITests.xctest; sourceTree = BUILT_PRODUCTS_DIR; };
		0452310429D445EA008F8155 /* MindReaderUITests.swift */ = {isa = PBXFileReference; lastKnownFileType = sourcecode.swift; path = MindReaderUITests.swift; sourceTree = "<group>"; };
		0452310629D445EA008F8155 /* MindReaderUITestsLaunchTests.swift */ = {isa = PBXFileReference; lastKnownFileType = sourcecode.swift; path = MindReaderUITestsLaunchTests.swift; sourceTree = "<group>"; };
		047631B329FAD4E800DB7556 /* inputBlank.swift */ = {isa = PBXFileReference; lastKnownFileType = sourcecode.swift; path = inputBlank.swift; sourceTree = "<group>"; };
		04ABEF3229FC1A8A00B9BB55 /* ElseViewController.swift */ = {isa = PBXFileReference; lastKnownFileType = sourcecode.swift; path = ElseViewController.swift; sourceTree = "<group>"; };
		1B1ABDB629EA2CB6002E5D4E /* TopBottomImageButton.swift */ = {isa = PBXFileReference; lastKnownFileType = sourcecode.swift; path = TopBottomImageButton.swift; sourceTree = "<group>"; };
		1B400D7C29F8A987008B2D18 /* MusicViewController.swift */ = {isa = PBXFileReference; lastKnownFileType = sourcecode.swift; path = MusicViewController.swift; sourceTree = "<group>"; };
		1B400D7E29F8B4EE008B2D18 /* FirstTeachingViewController.swift */ = {isa = PBXFileReference; lastKnownFileType = sourcecode.swift; path = FirstTeachingViewController.swift; sourceTree = "<group>"; };
		1B7B99C029F916DA000FE459 /* NotificationViewController.swift */ = {isa = PBXFileReference; lastKnownFileType = sourcecode.swift; path = NotificationViewController.swift; sourceTree = "<group>"; };
		1B7B99C229F91738000FE459 /* FoodViewController.swift */ = {isa = PBXFileReference; lastKnownFileType = sourcecode.swift; path = FoodViewController.swift; sourceTree = "<group>"; };
		1B97615C29F8BC8D0096A1FF /* SecondTeachingViewController.swift */ = {isa = PBXFileReference; lastKnownFileType = sourcecode.swift; path = SecondTeachingViewController.swift; sourceTree = "<group>"; };
		1B97615E29F8D4F90096A1FF /* ThirdTeachingViewController.swift */ = {isa = PBXFileReference; lastKnownFileType = sourcecode.swift; path = ThirdTeachingViewController.swift; sourceTree = "<group>"; };
		1B97616029F8D66C0096A1FF /* FourthTeachingViewController.swift */ = {isa = PBXFileReference; lastKnownFileType = sourcecode.swift; path = FourthTeachingViewController.swift; sourceTree = "<group>"; };
		1B97616229F8D6E30096A1FF /* FinishTeachingViewController.swift */ = {isa = PBXFileReference; lastKnownFileType = sourcecode.swift; path = FinishTeachingViewController.swift; sourceTree = "<group>"; };
		1B97616429F8D8C60096A1FF /* LifeViewController.swift */ = {isa = PBXFileReference; lastKnownFileType = sourcecode.swift; path = LifeViewController.swift; sourceTree = "<group>"; };
		1B97616829F8FD5D0096A1FF /* CapsuleView.swift */ = {isa = PBXFileReference; lastKnownFileType = sourcecode.swift; path = CapsuleView.swift; sourceTree = "<group>"; };
		1BA5E65729E98E9C00FB8941 /* LeftRightImageButton.swift */ = {isa = PBXFileReference; lastKnownFileType = sourcecode.swift; path = LeftRightImageButton.swift; sourceTree = "<group>"; };
		1BA63E0629F81911002B2339 /* LockViewController.swift */ = {isa = PBXFileReference; lastKnownFileType = sourcecode.swift; path = LockViewController.swift; sourceTree = "<group>"; };
		1BA63E0829F82621002B2339 /* TimeManager.swift */ = {isa = PBXFileReference; lastKnownFileType = sourcecode.swift; path = TimeManager.swift; sourceTree = "<group>"; };
		1BA63E0A29F82686002B2339 /* TimeLabel.swift */ = {isa = PBXFileReference; lastKnownFileType = sourcecode.swift; path = TimeLabel.swift; sourceTree = "<group>"; };
/* End PBXFileReference section */

/* Begin PBXFrameworksBuildPhase section */
		045230DD29D445E7008F8155 /* Frameworks */ = {
			isa = PBXFrameworksBuildPhase;
			buildActionMask = 2147483647;
			files = (
			);
			runOnlyForDeploymentPostprocessing = 0;
		};
		045230F329D445EA008F8155 /* Frameworks */ = {
			isa = PBXFrameworksBuildPhase;
			buildActionMask = 2147483647;
			files = (
			);
			runOnlyForDeploymentPostprocessing = 0;
		};
		045230FD29D445EA008F8155 /* Frameworks */ = {
			isa = PBXFrameworksBuildPhase;
			buildActionMask = 2147483647;
			files = (
			);
			runOnlyForDeploymentPostprocessing = 0;
		};
/* End PBXFrameworksBuildPhase section */

/* Begin PBXGroup section */
		045230D729D445E7008F8155 = {
			isa = PBXGroup;
			children = (
				045230E229D445E7008F8155 /* MindReader */,
				045230F929D445EA008F8155 /* MindReaderTests */,
				0452310329D445EA008F8155 /* MindReaderUITests */,
				045230E129D445E7008F8155 /* Products */,
			);
			sourceTree = "<group>";
		};
		045230E129D445E7008F8155 /* Products */ = {
			isa = PBXGroup;
			children = (
				045230E029D445E7008F8155 /* MindReader.app */,
				045230F629D445EA008F8155 /* MindReaderTests.xctest */,
				0452310029D445EA008F8155 /* MindReaderUITests.xctest */,
			);
			name = Products;
			sourceTree = "<group>";
		};
		045230E229D445E7008F8155 /* MindReader */ = {
			isa = PBXGroup;
			children = (
				1BE6C11F29E4562600FB55CF /* Supporting Files */,
				045230E529D445E7008F8155 /* SceneDelegate.swift */,
				1BA63E0629F81911002B2339 /* LockViewController.swift */,
				1B400D7E29F8B4EE008B2D18 /* FirstTeachingViewController.swift */,
				1B97615C29F8BC8D0096A1FF /* SecondTeachingViewController.swift */,
				1B97615E29F8D4F90096A1FF /* ThirdTeachingViewController.swift */,
				1B97616029F8D66C0096A1FF /* FourthTeachingViewController.swift */,
				1B97616229F8D6E30096A1FF /* FinishTeachingViewController.swift */,
				1B97616429F8D8C60096A1FF /* LifeViewController.swift */,
				1B7B99C029F916DA000FE459 /* NotificationViewController.swift */,
				045230E729D445E7008F8155 /* ViewController.swift */,
				1B400D7C29F8A987008B2D18 /* MusicViewController.swift */,
				045230E929D445E7008F8155 /* Main.storyboard */,
				1B7B99C229F91738000FE459 /* FoodViewController.swift */,
				1B97616829F8FD5D0096A1FF /* CapsuleView.swift */,
				1BA63E0829F82621002B2339 /* TimeManager.swift */,
				1BA63E0A29F82686002B2339 /* TimeLabel.swift */,
				1B1ABDB629EA2CB6002E5D4E /* TopBottomImageButton.swift */,
				04148B3A29FE4E4500771BDA /* SessionHandler.swift */,
				1BA5E65729E98E9C00FB8941 /* LeftRightImageButton.swift */,
				045230F129D445EA008F8155 /* Info.plist */,
				047631B329FAD4E800DB7556 /* inputBlank.swift */,
				04ABEF3229FC1A8A00B9BB55 /* ElseViewController.swift */,
				04447A2B29FCD61100E28DC5 /* EntertainmentViewController.swift */,
				04447A2F29FCE4C200E28DC5 /* Detect.swift */,
				04447A3329FD189A00E28DC5 /* messageSender.swift */,
			);
			path = MindReader;
			sourceTree = "<group>";
		};
		045230F929D445EA008F8155 /* MindReaderTests */ = {
			isa = PBXGroup;
			children = (
				045230FA29D445EA008F8155 /* MindReaderTests.swift */,
			);
			path = MindReaderTests;
			sourceTree = "<group>";
		};
		0452310329D445EA008F8155 /* MindReaderUITests */ = {
			isa = PBXGroup;
			children = (
				0452310429D445EA008F8155 /* MindReaderUITests.swift */,
				0452310629D445EA008F8155 /* MindReaderUITestsLaunchTests.swift */,
			);
			path = MindReaderUITests;
			sourceTree = "<group>";
		};
		1BE6C11F29E4562600FB55CF /* Supporting Files */ = {
			isa = PBXGroup;
			children = (
				045230E329D445E7008F8155 /* AppDelegate.swift */,
				045230EC29D445EA008F8155 /* Assets.xcassets */,
				045230EE29D445EA008F8155 /* LaunchScreen.storyboard */,
			);
			path = "Supporting Files";
			sourceTree = "<group>";
		};
/* End PBXGroup section */

/* Begin PBXNativeTarget section */
		045230DF29D445E7008F8155 /* MindReader */ = {
			isa = PBXNativeTarget;
			buildConfigurationList = 0452310A29D445EA008F8155 /* Build configuration list for PBXNativeTarget "MindReader" */;
			buildPhases = (
				045230DC29D445E7008F8155 /* Sources */,
				045230DD29D445E7008F8155 /* Frameworks */,
				045230DE29D445E7008F8155 /* Resources */,
			);
			buildRules = (
			);
			dependencies = (
			);
			name = MindReader;
			productName = MindReader;
			productReference = 045230E029D445E7008F8155 /* MindReader.app */;
			productType = "com.apple.product-type.application";
		};
		045230F529D445EA008F8155 /* MindReaderTests */ = {
			isa = PBXNativeTarget;
			buildConfigurationList = 0452310D29D445EA008F8155 /* Build configuration list for PBXNativeTarget "MindReaderTests" */;
			buildPhases = (
				045230F229D445EA008F8155 /* Sources */,
				045230F329D445EA008F8155 /* Frameworks */,
				045230F429D445EA008F8155 /* Resources */,
			);
			buildRules = (
			);
			dependencies = (
				045230F829D445EA008F8155 /* PBXTargetDependency */,
			);
			name = MindReaderTests;
			productName = MindReaderTests;
			productReference = 045230F629D445EA008F8155 /* MindReaderTests.xctest */;
			productType = "com.apple.product-type.bundle.unit-test";
		};
		045230FF29D445EA008F8155 /* MindReaderUITests */ = {
			isa = PBXNativeTarget;
			buildConfigurationList = 0452311029D445EA008F8155 /* Build configuration list for PBXNativeTarget "MindReaderUITests" */;
			buildPhases = (
				045230FC29D445EA008F8155 /* Sources */,
				045230FD29D445EA008F8155 /* Frameworks */,
				045230FE29D445EA008F8155 /* Resources */,
			);
			buildRules = (
			);
			dependencies = (
				0452310229D445EA008F8155 /* PBXTargetDependency */,
			);
			name = MindReaderUITests;
			productName = MindReaderUITests;
			productReference = 0452310029D445EA008F8155 /* MindReaderUITests.xctest */;
			productType = "com.apple.product-type.bundle.ui-testing";
		};
/* End PBXNativeTarget section */

/* Begin PBXProject section */
		045230D829D445E7008F8155 /* Project object */ = {
			isa = PBXProject;
			attributes = {
				BuildIndependentTargetsInParallel = 1;
				LastSwiftUpdateCheck = 1420;
				LastUpgradeCheck = 1420;
				TargetAttributes = {
					045230DF29D445E7008F8155 = {
						CreatedOnToolsVersion = 14.2;
					};
					045230F529D445EA008F8155 = {
						CreatedOnToolsVersion = 14.2;
						TestTargetID = 045230DF29D445E7008F8155;
					};
					045230FF29D445EA008F8155 = {
						CreatedOnToolsVersion = 14.2;
						TestTargetID = 045230DF29D445E7008F8155;
					};
				};
			};
			buildConfigurationList = 045230DB29D445E7008F8155 /* Build configuration list for PBXProject "MindReader" */;
			compatibilityVersion = "Xcode 14.0";
			developmentRegion = en;
			hasScannedForEncodings = 0;
			knownRegions = (
				en,
				Base,
			);
			mainGroup = 045230D729D445E7008F8155;
			productRefGroup = 045230E129D445E7008F8155 /* Products */;
			projectDirPath = "";
			projectRoot = "";
			targets = (
				045230DF29D445E7008F8155 /* MindReader */,
				045230F529D445EA008F8155 /* MindReaderTests */,
				045230FF29D445EA008F8155 /* MindReaderUITests */,
			);
		};
/* End PBXProject section */

/* Begin PBXResourcesBuildPhase section */
		045230DE29D445E7008F8155 /* Resources */ = {
			isa = PBXResourcesBuildPhase;
			buildActionMask = 2147483647;
			files = (
				045230F029D445EA008F8155 /* LaunchScreen.storyboard in Resources */,
				045230ED29D445EA008F8155 /* Assets.xcassets in Resources */,
				045230EB29D445E7008F8155 /* Main.storyboard in Resources */,
			);
			runOnlyForDeploymentPostprocessing = 0;
		};
		045230F429D445EA008F8155 /* Resources */ = {
			isa = PBXResourcesBuildPhase;
			buildActionMask = 2147483647;
			files = (
			);
			runOnlyForDeploymentPostprocessing = 0;
		};
		045230FE29D445EA008F8155 /* Resources */ = {
			isa = PBXResourcesBuildPhase;
			buildActionMask = 2147483647;
			files = (
			);
			runOnlyForDeploymentPostprocessing = 0;
		};
/* End PBXResourcesBuildPhase section */

/* Begin PBXSourcesBuildPhase section */
		045230DC29D445E7008F8155 /* Sources */ = {
			isa = PBXSourcesBuildPhase;
			buildActionMask = 2147483647;
			files = (
				1B1ABDB729EA2CB6002E5D4E /* TopBottomImageButton.swift in Sources */,
				04148B3B29FE4E4500771BDA /* SessionHandler.swift in Sources */,
				1B400D7F29F8B4EE008B2D18 /* FirstTeachingViewController.swift in Sources */,
				045230E829D445E7008F8155 /* ViewController.swift in Sources */,
				1BA63E0B29F82686002B2339 /* TimeLabel.swift in Sources */,
				1B7B99C329F91738000FE459 /* FoodViewController.swift in Sources */,
				1B97616929F8FD5D0096A1FF /* CapsuleView.swift in Sources */,
				1BA63E0729F81911002B2339 /* LockViewController.swift in Sources */,
				04ABEF3329FC1A8A00B9BB55 /* ElseViewController.swift in Sources */,
				1B97616529F8D8C60096A1FF /* LifeViewController.swift in Sources */,
				1B97616129F8D66C0096A1FF /* FourthTeachingViewController.swift in Sources */,
				1BA5E65829E98E9C00FB8941 /* LeftRightImageButton.swift in Sources */,
				1B400D7D29F8A987008B2D18 /* MusicViewController.swift in Sources */,
				04447A3029FCE4C200E28DC5 /* Detect.swift in Sources */,
				1B97615D29F8BC8D0096A1FF /* SecondTeachingViewController.swift in Sources */,
				04447A2C29FCD61100E28DC5 /* EntertainmentViewController.swift in Sources */,
				1BA63E0929F82621002B2339 /* TimeManager.swift in Sources */,
				1B7B99C129F916DA000FE459 /* NotificationViewController.swift in Sources */,
				1B97616329F8D6E30096A1FF /* FinishTeachingViewController.swift in Sources */,
				047631B429FAD4E800DB7556 /* inputBlank.swift in Sources */,
				04447A3429FD189A00E28DC5 /* messageSender.swift in Sources */,
				045230E429D445E7008F8155 /* AppDelegate.swift in Sources */,
				045230E629D445E7008F8155 /* SceneDelegate.swift in Sources */,
				1B97615F29F8D4F90096A1FF /* ThirdTeachingViewController.swift in Sources */,
			);
			runOnlyForDeploymentPostprocessing = 0;
		};
		045230F229D445EA008F8155 /* Sources */ = {
			isa = PBXSourcesBuildPhase;
			buildActionMask = 2147483647;
			files = (
				045230FB29D445EA008F8155 /* MindReaderTests.swift in Sources */,
				04ABEF3429FC1A8A00B9BB55 /* ElseViewController.swift in Sources */,
			);
			runOnlyForDeploymentPostprocessing = 0;
		};
		045230FC29D445EA008F8155 /* Sources */ = {
			isa = PBXSourcesBuildPhase;
			buildActionMask = 2147483647;
			files = (
				0452310529D445EA008F8155 /* MindReaderUITests.swift in Sources */,
				04ABEF3529FC1A8A00B9BB55 /* ElseViewController.swift in Sources */,
				0452310729D445EA008F8155 /* MindReaderUITestsLaunchTests.swift in Sources */,
			);
			runOnlyForDeploymentPostprocessing = 0;
		};
/* End PBXSourcesBuildPhase section */

/* Begin PBXTargetDependency section */
		045230F829D445EA008F8155 /* PBXTargetDependency */ = {
			isa = PBXTargetDependency;
			target = 045230DF29D445E7008F8155 /* MindReader */;
			targetProxy = 045230F729D445EA008F8155 /* PBXContainerItemProxy */;
		};
		0452310229D445EA008F8155 /* PBXTargetDependency */ = {
			isa = PBXTargetDependency;
			target = 045230DF29D445E7008F8155 /* MindReader */;
			targetProxy = 0452310129D445EA008F8155 /* PBXContainerItemProxy */;
		};
/* End PBXTargetDependency section */

/* Begin PBXVariantGroup section */
		045230E929D445E7008F8155 /* Main.storyboard */ = {
			isa = PBXVariantGroup;
			children = (
				045230EA29D445E7008F8155 /* Base */,
			);
			name = Main.storyboard;
			sourceTree = "<group>";
		};
		045230EE29D445EA008F8155 /* LaunchScreen.storyboard */ = {
			isa = PBXVariantGroup;
			children = (
				045230EF29D445EA008F8155 /* Base */,
			);
			name = LaunchScreen.storyboard;
			sourceTree = "<group>";
		};
/* End PBXVariantGroup section */

/* Begin XCBuildConfiguration section */
		0452310829D445EA008F8155 /* Debug */ = {
			isa = XCBuildConfiguration;
			buildSettings = {
				ALWAYS_SEARCH_USER_PATHS = NO;
				CLANG_ANALYZER_NONNULL = YES;
				CLANG_ANALYZER_NUMBER_OBJECT_CONVERSION = YES_AGGRESSIVE;
				CLANG_CXX_LANGUAGE_STANDARD = "gnu++20";
				CLANG_ENABLE_MODULES = YES;
				CLANG_ENABLE_OBJC_ARC = YES;
				CLANG_ENABLE_OBJC_WEAK = YES;
				CLANG_WARN_BLOCK_CAPTURE_AUTORELEASING = YES;
				CLANG_WARN_BOOL_CONVERSION = YES;
				CLANG_WARN_COMMA = YES;
				CLANG_WARN_CONSTANT_CONVERSION = YES;
				CLANG_WARN_DEPRECATED_OBJC_IMPLEMENTATIONS = YES;
				CLANG_WARN_DIRECT_OBJC_ISA_USAGE = YES_ERROR;
				CLANG_WARN_DOCUMENTATION_COMMENTS = YES;
				CLANG_WARN_EMPTY_BODY = YES;
				CLANG_WARN_ENUM_CONVERSION = YES;
				CLANG_WARN_INFINITE_RECURSION = YES;
				CLANG_WARN_INT_CONVERSION = YES;
				CLANG_WARN_NON_LITERAL_NULL_CONVERSION = YES;
				CLANG_WARN_OBJC_IMPLICIT_RETAIN_SELF = YES;
				CLANG_WARN_OBJC_LITERAL_CONVERSION = YES;
				CLANG_WARN_OBJC_ROOT_CLASS = YES_ERROR;
				CLANG_WARN_QUOTED_INCLUDE_IN_FRAMEWORK_HEADER = YES;
				CLANG_WARN_RANGE_LOOP_ANALYSIS = YES;
				CLANG_WARN_STRICT_PROTOTYPES = YES;
				CLANG_WARN_SUSPICIOUS_MOVE = YES;
				CLANG_WARN_UNGUARDED_AVAILABILITY = YES_AGGRESSIVE;
				CLANG_WARN_UNREACHABLE_CODE = YES;
				CLANG_WARN__DUPLICATE_METHOD_MATCH = YES;
				COPY_PHASE_STRIP = NO;
				DEBUG_INFORMATION_FORMAT = dwarf;
				ENABLE_STRICT_OBJC_MSGSEND = YES;
				ENABLE_TESTABILITY = YES;
				GCC_C_LANGUAGE_STANDARD = gnu11;
				GCC_DYNAMIC_NO_PIC = NO;
				GCC_NO_COMMON_BLOCKS = YES;
				GCC_OPTIMIZATION_LEVEL = 0;
				GCC_PREPROCESSOR_DEFINITIONS = (
					"DEBUG=1",
					"$(inherited)",
				);
				GCC_WARN_64_TO_32_BIT_CONVERSION = YES;
				GCC_WARN_ABOUT_RETURN_TYPE = YES_ERROR;
				GCC_WARN_UNDECLARED_SELECTOR = YES;
				GCC_WARN_UNINITIALIZED_AUTOS = YES_AGGRESSIVE;
				GCC_WARN_UNUSED_FUNCTION = YES;
				GCC_WARN_UNUSED_VARIABLE = YES;
				IPHONEOS_DEPLOYMENT_TARGET = 16.2;
				MTL_ENABLE_DEBUG_INFO = INCLUDE_SOURCE;
				MTL_FAST_MATH = YES;
				ONLY_ACTIVE_ARCH = YES;
				SDKROOT = iphoneos;
				SWIFT_ACTIVE_COMPILATION_CONDITIONS = DEBUG;
				SWIFT_OPTIMIZATION_LEVEL = "-Onone";
			};
			name = Debug;
		};
		0452310929D445EA008F8155 /* Release */ = {
			isa = XCBuildConfiguration;
			buildSettings = {
				ALWAYS_SEARCH_USER_PATHS = NO;
				CLANG_ANALYZER_NONNULL = YES;
				CLANG_ANALYZER_NUMBER_OBJECT_CONVERSION = YES_AGGRESSIVE;
				CLANG_CXX_LANGUAGE_STANDARD = "gnu++20";
				CLANG_ENABLE_MODULES = YES;
				CLANG_ENABLE_OBJC_ARC = YES;
				CLANG_ENABLE_OBJC_WEAK = YES;
				CLANG_WARN_BLOCK_CAPTURE_AUTORELEASING = YES;
				CLANG_WARN_BOOL_CONVERSION = YES;
				CLANG_WARN_COMMA = YES;
				CLANG_WARN_CONSTANT_CONVERSION = YES;
				CLANG_WARN_DEPRECATED_OBJC_IMPLEMENTATIONS = YES;
				CLANG_WARN_DIRECT_OBJC_ISA_USAGE = YES_ERROR;
				CLANG_WARN_DOCUMENTATION_COMMENTS = YES;
				CLANG_WARN_EMPTY_BODY = YES;
				CLANG_WARN_ENUM_CONVERSION = YES;
				CLANG_WARN_INFINITE_RECURSION = YES;
				CLANG_WARN_INT_CONVERSION = YES;
				CLANG_WARN_NON_LITERAL_NULL_CONVERSION = YES;
				CLANG_WARN_OBJC_IMPLICIT_RETAIN_SELF = YES;
				CLANG_WARN_OBJC_LITERAL_CONVERSION = YES;
				CLANG_WARN_OBJC_ROOT_CLASS = YES_ERROR;
				CLANG_WARN_QUOTED_INCLUDE_IN_FRAMEWORK_HEADER = YES;
				CLANG_WARN_RANGE_LOOP_ANALYSIS = YES;
				CLANG_WARN_STRICT_PROTOTYPES = YES;
				CLANG_WARN_SUSPICIOUS_MOVE = YES;
				CLANG_WARN_UNGUARDED_AVAILABILITY = YES_AGGRESSIVE;
				CLANG_WARN_UNREACHABLE_CODE = YES;
				CLANG_WARN__DUPLICATE_METHOD_MATCH = YES;
				COPY_PHASE_STRIP = NO;
				DEBUG_INFORMATION_FORMAT = "dwarf-with-dsym";
				ENABLE_NS_ASSERTIONS = NO;
				ENABLE_STRICT_OBJC_MSGSEND = YES;
				GCC_C_LANGUAGE_STANDARD = gnu11;
				GCC_NO_COMMON_BLOCKS = YES;
				GCC_WARN_64_TO_32_BIT_CONVERSION = YES;
				GCC_WARN_ABOUT_RETURN_TYPE = YES_ERROR;
				GCC_WARN_UNDECLARED_SELECTOR = YES;
				GCC_WARN_UNINITIALIZED_AUTOS = YES_AGGRESSIVE;
				GCC_WARN_UNUSED_FUNCTION = YES;
				GCC_WARN_UNUSED_VARIABLE = YES;
				IPHONEOS_DEPLOYMENT_TARGET = 16.2;
				MTL_ENABLE_DEBUG_INFO = NO;
				MTL_FAST_MATH = YES;
				SDKROOT = iphoneos;
				SWIFT_COMPILATION_MODE = wholemodule;
				SWIFT_OPTIMIZATION_LEVEL = "-O";
				VALIDATE_PRODUCT = YES;
			};
			name = Release;
		};
		0452310B29D445EA008F8155 /* Debug */ = {
			isa = XCBuildConfiguration;
			buildSettings = {
				ASSETCATALOG_COMPILER_APPICON_NAME = AppIcon;
				ASSETCATALOG_COMPILER_GLOBAL_ACCENT_COLOR_NAME = AccentColor;
				CODE_SIGN_STYLE = Automatic;
				CURRENT_PROJECT_VERSION = 1;
				DEVELOPMENT_TEAM = MW887T44AJ;
				GENERATE_INFOPLIST_FILE = YES;
				INFOPLIST_FILE = MindReader/Info.plist;
				INFOPLIST_KEY_NSCameraUsageDescription = "获取相机权限";
				INFOPLIST_KEY_UIApplicationSupportsIndirectInputEvents = YES;
				INFOPLIST_KEY_UILaunchStoryboardName = LaunchScreen;
				INFOPLIST_KEY_UIMainStoryboardFile = Main;
				INFOPLIST_KEY_UISupportedInterfaceOrientations = "UIInterfaceOrientationLandscapeLeft UIInterfaceOrientationLandscapeRight";
				IPHONEOS_DEPLOYMENT_TARGET = 16.0;
				LD_RUNPATH_SEARCH_PATHS = (
					"$(inherited)",
					"@executable_path/Frameworks",
				);
				MARKETING_VERSION = 1.0;
				PRODUCT_BUNDLE_IDENTIFIER = com.CodeJustice.eyeConize;
				PRODUCT_NAME = "$(TARGET_NAME)";
				SWIFT_EMIT_LOC_STRINGS = YES;
				SWIFT_VERSION = 5.0;
				TARGETED_DEVICE_FAMILY = "1,2";
			};
			name = Debug;
		};
		0452310C29D445EA008F8155 /* Release */ = {
			isa = XCBuildConfiguration;
			buildSettings = {
				ASSETCATALOG_COMPILER_APPICON_NAME = AppIcon;
				ASSETCATALOG_COMPILER_GLOBAL_ACCENT_COLOR_NAME = AccentColor;
				CODE_SIGN_STYLE = Automatic;
				CURRENT_PROJECT_VERSION = 1;
				DEVELOPMENT_TEAM = MW887T44AJ;
				GENERATE_INFOPLIST_FILE = YES;
				INFOPLIST_FILE = MindReader/Info.plist;
				INFOPLIST_KEY_NSCameraUsageDescription = "获取相机权限";
				INFOPLIST_KEY_UIApplicationSupportsIndirectInputEvents = YES;
				INFOPLIST_KEY_UILaunchStoryboardName = LaunchScreen;
				INFOPLIST_KEY_UIMainStoryboardFile = Main;
				INFOPLIST_KEY_UISupportedInterfaceOrientations = "UIInterfaceOrientationLandscapeLeft UIInterfaceOrientationLandscapeRight";
				IPHONEOS_DEPLOYMENT_TARGET = 16.0;
				LD_RUNPATH_SEARCH_PATHS = (
					"$(inherited)",
					"@executable_path/Frameworks",
				);
				MARKETING_VERSION = 1.0;
				PRODUCT_BUNDLE_IDENTIFIER = com.CodeJustice.eyeConize;
				PRODUCT_NAME = "$(TARGET_NAME)";
				SWIFT_EMIT_LOC_STRINGS = YES;
				SWIFT_VERSION = 5.0;
				TARGETED_DEVICE_FAMILY = "1,2";
			};
			name = Release;
		};
		0452310E29D445EA008F8155 /* Debug */ = {
			isa = XCBuildConfiguration;
			buildSettings = {
				ALWAYS_EMBED_SWIFT_STANDARD_LIBRARIES = YES;
				BUNDLE_LOADER = "$(TEST_HOST)";
				CODE_SIGN_STYLE = Automatic;
				CURRENT_PROJECT_VERSION = 1;
				DEVELOPMENT_TEAM = MW887T44AJ;
				GENERATE_INFOPLIST_FILE = YES;
				IPHONEOS_DEPLOYMENT_TARGET = 16.2;
				MARKETING_VERSION = 1.0;
				PRODUCT_BUNDLE_IDENTIFIER = com.CodeJustice.MindReaderTests;
				PRODUCT_NAME = "$(TARGET_NAME)";
				SWIFT_EMIT_LOC_STRINGS = NO;
				SWIFT_VERSION = 5.0;
				TARGETED_DEVICE_FAMILY = "1,2";
				TEST_HOST = "$(BUILT_PRODUCTS_DIR)/MindReader.app/$(BUNDLE_EXECUTABLE_FOLDER_PATH)/MindReader";
			};
			name = Debug;
		};
		0452310F29D445EA008F8155 /* Release */ = {
			isa = XCBuildConfiguration;
			buildSettings = {
				ALWAYS_EMBED_SWIFT_STANDARD_LIBRARIES = YES;
				BUNDLE_LOADER = "$(TEST_HOST)";
				CODE_SIGN_STYLE = Automatic;
				CURRENT_PROJECT_VERSION = 1;
				DEVELOPMENT_TEAM = MW887T44AJ;
				GENERATE_INFOPLIST_FILE = YES;
				IPHONEOS_DEPLOYMENT_TARGET = 16.2;
				MARKETING_VERSION = 1.0;
				PRODUCT_BUNDLE_IDENTIFIER = com.CodeJustice.MindReaderTests;
				PRODUCT_NAME = "$(TARGET_NAME)";
				SWIFT_EMIT_LOC_STRINGS = NO;
				SWIFT_VERSION = 5.0;
				TARGETED_DEVICE_FAMILY = "1,2";
				TEST_HOST = "$(BUILT_PRODUCTS_DIR)/MindReader.app/$(BUNDLE_EXECUTABLE_FOLDER_PATH)/MindReader";
			};
			name = Release;
		};
		0452311129D445EA008F8155 /* Debug */ = {
			isa = XCBuildConfiguration;
			buildSettings = {
				ALWAYS_EMBED_SWIFT_STANDARD_LIBRARIES = YES;
				CODE_SIGN_STYLE = Automatic;
				CURRENT_PROJECT_VERSION = 1;
				DEVELOPMENT_TEAM = MW887T44AJ;
				GENERATE_INFOPLIST_FILE = YES;
				MARKETING_VERSION = 1.0;
				PRODUCT_BUNDLE_IDENTIFIER = com.CodeJustice.MindReaderUITests;
				PRODUCT_NAME = "$(TARGET_NAME)";
				SWIFT_EMIT_LOC_STRINGS = NO;
				SWIFT_VERSION = 5.0;
				TARGETED_DEVICE_FAMILY = "1,2";
				TEST_TARGET_NAME = MindReader;
			};
			name = Debug;
		};
		0452311229D445EA008F8155 /* Release */ = {
			isa = XCBuildConfiguration;
			buildSettings = {
				ALWAYS_EMBED_SWIFT_STANDARD_LIBRARIES = YES;
				CODE_SIGN_STYLE = Automatic;
				CURRENT_PROJECT_VERSION = 1;
				DEVELOPMENT_TEAM = MW887T44AJ;
				GENERATE_INFOPLIST_FILE = YES;
				MARKETING_VERSION = 1.0;
				PRODUCT_BUNDLE_IDENTIFIER = com.CodeJustice.MindReaderUITests;
				PRODUCT_NAME = "$(TARGET_NAME)";
				SWIFT_EMIT_LOC_STRINGS = NO;
				SWIFT_VERSION = 5.0;
				TARGETED_DEVICE_FAMILY = "1,2";
				TEST_TARGET_NAME = MindReader;
			};
			name = Release;
		};
/* End XCBuildConfiguration section */

/* Begin XCConfigurationList section */
		045230DB29D445E7008F8155 /* Build configuration list for PBXProject "MindReader" */ = {
			isa = XCConfigurationList;
			buildConfigurations = (
				0452310829D445EA008F8155 /* Debug */,
				0452310929D445EA008F8155 /* Release */,
			);
			defaultConfigurationIsVisible = 0;
			defaultConfigurationName = Release;
		};
		0452310A29D445EA008F8155 /* Build configuration list for PBXNativeTarget "MindReader" */ = {
			isa = XCConfigurationList;
			buildConfigurations = (
				0452310B29D445EA008F8155 /* Debug */,
				0452310C29D445EA008F8155 /* Release */,
			);
			defaultConfigurationIsVisible = 0;
			defaultConfigurationName = Release;
		};
		0452310D29D445EA008F8155 /* Build configuration list for PBXNativeTarget "MindReaderTests" */ = {
			isa = XCConfigurationList;
			buildConfigurations = (
				0452310E29D445EA008F8155 /* Debug */,
				0452310F29D445EA008F8155 /* Release */,
			);
			defaultConfigurationIsVisible = 0;
			defaultConfigurationName = Release;
		};
		0452311029D445EA008F8155 /* Build configuration list for PBXNativeTarget "MindReaderUITests" */ = {
			isa = XCConfigurationList;
			buildConfigurations = (
				0452311129D445EA008F8155 /* Debug */,
				0452311229D445EA008F8155 /* Release */,
			);
			defaultConfigurationIsVisible = 0;
			defaultConfigurationName = Release;
		};
/* End XCConfigurationList section */
	};
	rootObject = 045230D829D445E7008F8155 /* Project object */;
}
